
Microsoft Visual Studio Solution File, Format Version 12.00
# Visual Studio 2013
VisualStudioVersion = 12.0.31101.0
MinimumVisualStudioVersion = 10.0.40219.1
Project("{FAE04EC0-301F-11D3-BF4B-00C04F79EFBC}") = "TrainFit", "TrainFit.csproj", "{22B7A739-51EE-42FD-AD38-2C4DFE6D51A7}"
EndProject
Project("{FAE04EC0-301F-11D3-BF4B-00C04F79EFBC}") = "TrainFit.Domain", "..\TrainFit.Domain\TrainFit.Domain.csproj", "{3DDCB911-E4F2-4247-88C5-8AE1FE4ACCE5}"
EndProject
Project("{FAE04EC0-301F-11D3-BF4B-00C04F79EFBC}") = "TrainFit.Application", "TrainFit.Application\TrainFit.Application.csproj", "{25E4B44F-9857-4833-8211-5273E6BB8221}"
EndProject
Project("{FAE04EC0-301F-11D3-BF4B-00C04F79EFBC}") = "TrainFit.Presentation", "TrainFit.Presentation\TrainFit.Presentation.csproj", "{D93690DD-386E-4843-A8CC-38CFADD36B7F}"
EndProject
Project("{FAE04EC0-301F-11D3-BF4B-00C04F79EFBC}") = "TrainFit.Platform", "TrainFit.Platform\TrainFit.Platform.csproj", "{F080C5E5-A705-40D6-9B09-CAACDBCFB96D}"
EndProject
Global
	GlobalSection(SolutionConfigurationPlatforms) = preSolution
		Debug|Any CPU = Debug|Any CPU
		Debug|ARM = Debug|ARM
		Debug|x86 = Debug|x86
		Release|Any CPU = Release|Any CPU
		Release|ARM = Release|ARM
		Release|x86 = Release|x86
	EndGlobalSection
	GlobalSection(ProjectConfigurationPlatforms) = postSolution
		{22B7A739-51EE-42FD-AD38-2C4DFE6D51A7}.Debug|Any CPU.ActiveCfg = Debug|Any CPU
		{22B7A739-51EE-42FD-AD38-2C4DFE6D51A7}.Debug|Any CPU.Build.0 = Debug|Any CPU
		{22B7A739-51EE-42FD-AD38-2C4DFE6D51A7}.Debug|Any CPU.Deploy.0 = Debug|Any CPU
		{22B7A739-51EE-42FD-AD38-2C4DFE6D51A7}.Debug|ARM.ActiveCfg = Debug|ARM
		{22B7A739-51EE-42FD-AD38-2C4DFE6D51A7}.Debug|ARM.Build.0 = Debug|ARM
		{22B7A739-51EE-42FD-AD38-2C4DFE6D51A7}.Debug|ARM.Deploy.0 = Debug|ARM
		{22B7A739-51EE-42FD-AD38-2C4DFE6D51A7}.Debug|x86.ActiveCfg = Debug|x86
		{22B7A739-51EE-42FD-AD38-2C4DFE6D51A7}.Debug|x86.Build.0 = Debug|x86
		{22B7A739-51EE-42FD-AD38-2C4DFE6D51A7}.Debug|x86.Deploy.0 = Debug|x86
		{22B7A739-51EE-42FD-AD38-2C4DFE6D51A7}.Release|Any CPU.ActiveCfg = Release|Any CPU
		{22B7A739-51EE-42FD-AD38-2C4DFE6D51A7}.Release|Any CPU.Build.0 = Release|Any CPU
		{22B7A739-51EE-42FD-AD38-2C4DFE6D51A7}.Release|Any CPU.Deploy.0 = Release|Any CPU
		{22B7A739-51EE-42FD-AD38-2C4DFE6D51A7}.Release|ARM.ActiveCfg = Release|ARM
		{22B7A739-51EE-42FD-AD38-2C4DFE6D51A7}.Release|ARM.Build.0 = Release|ARM
		{22B7A739-51EE-42FD-AD38-2C4DFE6D51A7}.Release|ARM.Deploy.0 = Release|ARM
		{22B7A739-51EE-42FD-AD38-2C4DFE6D51A7}.Release|x86.ActiveCfg = Release|x86
		{22B7A739-51EE-42FD-AD38-2C4DFE6D51A7}.Release|x86.Build.0 = Release|x86
		{22B7A739-51EE-42FD-AD38-2C4DFE6D51A7}.Release|x86.Deploy.0 = Release|x86
		{3DDCB911-E4F2-4247-88C5-8AE1FE4ACCE5}.Debug|Any CPU.ActiveCfg = Debug|Any CPU
		{3DDCB911-E4F2-4247-88C5-8AE1FE4ACCE5}.Debug|Any CPU.Build.0 = Debug|Any CPU
		{3DDCB911-E4F2-4247-88C5-8AE1FE4ACCE5}.Debug|ARM.ActiveCfg = Debug|ARM
		{3DDCB911-E4F2-4247-88C5-8AE1FE4ACCE5}.Debug|ARM.Build.0 = Debug|ARM
		{3DDCB911-E4F2-4247-88C5-8AE1FE4ACCE5}.Debug|x86.ActiveCfg = Debug|x86
		{3DDCB911-E4F2-4247-88C5-8AE1FE4ACCE5}.Debug|x86.Build.0 = Debug|x86
		{3DDCB911-E4F2-4247-88C5-8AE1FE4ACCE5}.Release|Any CPU.ActiveCfg = Release|Any CPU
		{3DDCB911-E4F2-4247-88C5-8AE1FE4ACCE5}.Release|Any CPU.Build.0 = Release|Any CPU
		{3DDCB911-E4F2-4247-88C5-8AE1FE4ACCE5}.Release|ARM.ActiveCfg = Release|ARM
		{3DDCB911-E4F2-4247-88C5-8AE1FE4ACCE5}.Release|ARM.Build.0 = Release|ARM
		{3DDCB911-E4F2-4247-88C5-8AE1FE4ACCE5}.Release|x86.ActiveCfg = Release|x86
		{3DDCB911-E4F2-4247-88C5-8AE1FE4ACCE5}.Release|x86.Build.0 = Release|x86
		{25E4B44F-9857-4833-8211-5273E6BB8221}.Debug|Any CPU.ActiveCfg = Debug|Any CPU
		{25E4B44F-9857-4833-8211-5273E6BB8221}.Debug|Any CPU.Build.0 = Debug|Any CPU
		{25E4B44F-9857-4833-8211-5273E6BB8221}.Debug|ARM.ActiveCfg = Debug|ARM
		{25E4B44F-9857-4833-8211-5273E6BB8221}.Debug|ARM.Build.0 = Debug|ARM
		{25E4B44F-9857-4833-8211-5273E6BB8221}.Debug|x86.ActiveCfg = Debug|x86
		{25E4B44F-9857-4833-8211-5273E6BB8221}.Debug|x86.Build.0 = Debug|x86
		{25E4B44F-9857-4833-8211-5273E6BB8221}.Release|Any CPU.ActiveCfg = Release|Any CPU
		{25E4B44F-9857-4833-8211-5273E6BB8221}.Release|Any CPU.Build.0 = Release|Any CPU
		{25E4B44F-9857-4833-8211-5273E6BB8221}.Release|ARM.ActiveCfg = Release|ARM
		{25E4B44F-9857-4833-8211-5273E6BB8221}.Release|ARM.Build.0 = Release|ARM
		{25E4B44F-9857-4833-8211-5273E6BB8221}.Release|x86.ActiveCfg = Release|x86
		{25E4B44F-9857-4833-8211-5273E6BB8221}.Release|x86.Build.0 = Release|x86
		{D93690DD-386E-4843-A8CC-38CFADD36B7F}.Debug|Any CPU.ActiveCfg = Debug|Any CPU
		{D93690DD-386E-4843-A8CC-38CFADD36B7F}.Debug|Any CPU.Build.0 = Debug|Any CPU
		{D93690DD-386E-4843-A8CC-38CFADD36B7F}.Debug|ARM.ActiveCfg = Debug|ARM
		{D93690DD-386E-4843-A8CC-38CFADD36B7F}.Debug|ARM.Build.0 = Debug|ARM
		{D93690DD-386E-4843-A8CC-38CFADD36B7F}.Debug|x86.ActiveCfg = Debug|x86
		{D93690DD-386E-4843-A8CC-38CFADD36B7F}.Debug|x86.Build.0 = Debug|x86
		{D93690DD-386E-4843-A8CC-38CFADD36B7F}.Release|Any CPU.ActiveCfg = Release|Any CPU
		{D93690DD-386E-4843-A8CC-38CFADD36B7F}.Release|Any CPU.Build.0 = Release|Any CPU
		{D93690DD-386E-4843-A8CC-38CFADD36B7F}.Release|ARM.ActiveCfg = Release|ARM
		{D93690DD-386E-4843-A8CC-38CFADD36B7F}.Release|ARM.Build.0 = Release|ARM
		{D93690DD-386E-4843-A8CC-38CFADD36B7F}.Release|x86.ActiveCfg = Release|x86
		{D93690DD-386E-4843-A8CC-38CFADD36B7F}.Release|x86.Build.0 = Release|x86
		{F080C5E5-A705-40D6-9B09-CAACDBCFB96D}.Debug|Any CPU.ActiveCfg = Debug|Any CPU
		{F080C5E5-A705-40D6-9B09-CAACDBCFB96D}.Debug|Any CPU.Build.0 = Debug|Any CPU
		{F080C5E5-A705-40D6-9B09-CAACDBCFB96D}.Debug|ARM.ActiveCfg = Debug|ARM
		{F080C5E5-A705-40D6-9B09-CAACDBCFB96D}.Debug|ARM.Build.0 = Debug|ARM
		{F080C5E5-A705-40D6-9B09-CAACDBCFB96D}.Debug|x86.ActiveCfg = Debug|x86
		{F080C5E5-A705-40D6-9B09-CAACDBCFB96D}.Debug|x86.Build.0 = Debug|x86
		{F080C5E5-A705-40D6-9B09-CAACDBCFB96D}.Release|Any CPU.ActiveCfg = Release|Any CPU
		{F080C5E5-A705-40D6-9B09-CAACDBCFB96D}.Release|Any CPU.Build.0 = Release|Any CPU
		{F080C5E5-A705-40D6-9B09-CAACDBCFB96D}.Release|ARM.ActiveCfg = Release|ARM
		{F080C5E5-A705-40D6-9B09-CAACDBCFB96D}.Release|ARM.Build.0 = Release|ARM
		{F080C5E5-A705-40D6-9B09-CAACDBCFB96D}.Release|x86.ActiveCfg = Release|x86
		{F080C5E5-A705-40D6-9B09-CAACDBCFB96D}.Release|x86.Build.0 = Release|x86
	EndGlobalSection
	GlobalSection(SolutionProperties) = preSolution
		HideSolutionNode = FALSE
	EndGlobalSection
EndGlobal
